// !$*UTF8*$!
{
	archiveVersion = 1;
	classes = {
	};
	objectVersion = 55;
	objects = {

/* Begin PBXBuildFile section */
<<<<<<< HEAD:JONGMIN/BaekJoon/BaekJoon.xcodeproj/project.pbxproj
		6C65C28427B7735C0013A88D /* main.swift in Sources */ = {isa = PBXBuildFile; fileRef = 6C65C28327B7735C0013A88D /* main.swift */; };
		6C65C28F27B773A00013A88D /* main.swift in Sources */ = {isa = PBXBuildFile; fileRef = 6C65C28E27B773A00013A88D /* main.swift */; };
		6CBC1C4827BBC3730063B997 /* main.swift in Sources */ = {isa = PBXBuildFile; fileRef = 6CBC1C4727BBC3730063B997 /* main.swift */; };
		6CBC1C5327BBC3800063B997 /* _main.swift in Sources */ = {isa = PBXBuildFile; fileRef = 6CBC1C5227BBC3800063B997 /* _main.swift */; };
=======
		93E0A5C027BA7F7B00379D35 /* main.swift in Sources */ = {isa = PBXBuildFile; fileRef = 93E0A5BF27BA7F7B00379D35 /* main.swift */; };
		93E0A5CE27BA894700379D35 /* main.swift in Sources */ = {isa = PBXBuildFile; fileRef = 93E0A5CD27BA894700379D35 /* main.swift */; };
>>>>>>> master:WALTER/B1_InputOutput/B1_InputOutput/B1_InputOutput.xcodeproj/project.pbxproj
/* End PBXBuildFile section */

/* Begin PBXCopyFilesBuildPhase section */
		93E0A5BA27BA7F7B00379D35 /* CopyFiles */ = {
			isa = PBXCopyFilesBuildPhase;
			buildActionMask = 2147483647;
			dstPath = /usr/share/man/man1/;
			dstSubfolderSpec = 0;
			files = (
			);
			runOnlyForDeploymentPostprocessing = 1;
		};
		93E0A5C927BA894700379D35 /* CopyFiles */ = {
			isa = PBXCopyFilesBuildPhase;
			buildActionMask = 2147483647;
			dstPath = /usr/share/man/man1/;
			dstSubfolderSpec = 0;
			files = (
			);
			runOnlyForDeploymentPostprocessing = 1;
		};
		6CBC1C4327BBC3730063B997 /* CopyFiles */ = {
			isa = PBXCopyFilesBuildPhase;
			buildActionMask = 2147483647;
			dstPath = /usr/share/man/man1/;
			dstSubfolderSpec = 0;
			files = (
			);
			runOnlyForDeploymentPostprocessing = 1;
		};
		6CBC1C4E27BBC3800063B997 /* CopyFiles */ = {
			isa = PBXCopyFilesBuildPhase;
			buildActionMask = 2147483647;
			dstPath = /usr/share/man/man1/;
			dstSubfolderSpec = 0;
			files = (
			);
			runOnlyForDeploymentPostprocessing = 1;
		};
/* End PBXCopyFilesBuildPhase section */

/* Begin PBXFileReference section */
<<<<<<< HEAD:JONGMIN/BaekJoon/BaekJoon.xcodeproj/project.pbxproj
		6C65C28127B7735C0013A88D /* 01_basic arithmetic */ = {isa = PBXFileReference; explicitFileType = "compiled.mach-o.executable"; includeInIndex = 0; path = "01_basic arithmetic"; sourceTree = BUILT_PRODUCTS_DIR; };
		6C65C28327B7735C0013A88D /* main.swift */ = {isa = PBXFileReference; lastKnownFileType = sourcecode.swift; path = main.swift; sourceTree = "<group>"; };
		6C65C28C27B773A00013A88D /* 02_if */ = {isa = PBXFileReference; explicitFileType = "compiled.mach-o.executable"; includeInIndex = 0; path = 02_if; sourceTree = BUILT_PRODUCTS_DIR; };
		6C65C28E27B773A00013A88D /* main.swift */ = {isa = PBXFileReference; lastKnownFileType = sourcecode.swift; path = main.swift; sourceTree = "<group>"; };
		6CBC1C4527BBC3730063B997 /* 03_for */ = {isa = PBXFileReference; explicitFileType = "compiled.mach-o.executable"; includeInIndex = 0; path = 03_for; sourceTree = BUILT_PRODUCTS_DIR; };
		6CBC1C4727BBC3730063B997 /* main.swift */ = {isa = PBXFileReference; lastKnownFileType = sourcecode.swift; path = main.swift; sourceTree = "<group>"; };
		6CBC1C5027BBC3800063B997 /* 04_while */ = {isa = PBXFileReference; explicitFileType = "compiled.mach-o.executable"; includeInIndex = 0; path = 04_while; sourceTree = BUILT_PRODUCTS_DIR; };
		6CBC1C5227BBC3800063B997 /* _main.swift */ = {isa = PBXFileReference; lastKnownFileType = sourcecode.swift; path = _main.swift; sourceTree = "<group>"; };
=======
		93E0A5BC27BA7F7B00379D35 /* B1_InputOutput */ = {isa = PBXFileReference; explicitFileType = "compiled.mach-o.executable"; includeInIndex = 0; path = B1_InputOutput; sourceTree = BUILT_PRODUCTS_DIR; };
		93E0A5BF27BA7F7B00379D35 /* main.swift */ = {isa = PBXFileReference; lastKnownFileType = sourcecode.swift; path = main.swift; sourceTree = "<group>"; };
		93E0A5CB27BA894700379D35 /* Q18108 */ = {isa = PBXFileReference; explicitFileType = "compiled.mach-o.executable"; includeInIndex = 0; path = Q18108; sourceTree = BUILT_PRODUCTS_DIR; };
		93E0A5CD27BA894700379D35 /* main.swift */ = {isa = PBXFileReference; lastKnownFileType = sourcecode.swift; path = main.swift; sourceTree = "<group>"; };
>>>>>>> master:WALTER/B1_InputOutput/B1_InputOutput/B1_InputOutput.xcodeproj/project.pbxproj
/* End PBXFileReference section */

/* Begin PBXFrameworksBuildPhase section */
		93E0A5B927BA7F7B00379D35 /* Frameworks */ = {
			isa = PBXFrameworksBuildPhase;
			buildActionMask = 2147483647;
			files = (
			);
			runOnlyForDeploymentPostprocessing = 0;
		};
		93E0A5C827BA894700379D35 /* Frameworks */ = {
			isa = PBXFrameworksBuildPhase;
			buildActionMask = 2147483647;
			files = (
			);
			runOnlyForDeploymentPostprocessing = 0;
		};
		6CBC1C4227BBC3730063B997 /* Frameworks */ = {
			isa = PBXFrameworksBuildPhase;
			buildActionMask = 2147483647;
			files = (
			);
			runOnlyForDeploymentPostprocessing = 0;
		};
		6CBC1C4D27BBC3800063B997 /* Frameworks */ = {
			isa = PBXFrameworksBuildPhase;
			buildActionMask = 2147483647;
			files = (
			);
			runOnlyForDeploymentPostprocessing = 0;
		};
/* End PBXFrameworksBuildPhase section */

/* Begin PBXGroup section */
		93E0A5B327BA7F7B00379D35 = {
			isa = PBXGroup;
			children = (
<<<<<<< HEAD:JONGMIN/BaekJoon/BaekJoon.xcodeproj/project.pbxproj
				6C65C28227B7735C0013A88D /* 01_basic arithmetic */,
				6C65C28D27B773A00013A88D /* 02_if */,
				6CBC1C4627BBC3730063B997 /* 03_for */,
				6CBC1C5127BBC3800063B997 /* 04_while */,
				6C65C24727B771530013A88D /* Products */,
=======
				93E0A5BE27BA7F7B00379D35 /* Q10926 */,
				93E0A5CC27BA894700379D35 /* Q18108 */,
				93E0A5BD27BA7F7B00379D35 /* Products */,
>>>>>>> master:WALTER/B1_InputOutput/B1_InputOutput/B1_InputOutput.xcodeproj/project.pbxproj
			);
			sourceTree = "<group>";
		};
		93E0A5BD27BA7F7B00379D35 /* Products */ = {
			isa = PBXGroup;
			children = (
<<<<<<< HEAD:JONGMIN/BaekJoon/BaekJoon.xcodeproj/project.pbxproj
				6C65C28127B7735C0013A88D /* 01_basic arithmetic */,
				6C65C28C27B773A00013A88D /* 02_if */,
				6CBC1C4527BBC3730063B997 /* 03_for */,
				6CBC1C5027BBC3800063B997 /* 04_while */,
=======
				93E0A5BC27BA7F7B00379D35 /* B1_InputOutput */,
				93E0A5CB27BA894700379D35 /* Q18108 */,
>>>>>>> master:WALTER/B1_InputOutput/B1_InputOutput/B1_InputOutput.xcodeproj/project.pbxproj
			);
			name = Products;
			sourceTree = "<group>";
		};
<<<<<<< HEAD:JONGMIN/BaekJoon/BaekJoon.xcodeproj/project.pbxproj
		6C65C28227B7735C0013A88D /* 01_basic arithmetic */ = {
=======
		93E0A5BE27BA7F7B00379D35 /* Q10926 */ = {
>>>>>>> master:WALTER/B1_InputOutput/B1_InputOutput/B1_InputOutput.xcodeproj/project.pbxproj
			isa = PBXGroup;
			children = (
				93E0A5BF27BA7F7B00379D35 /* main.swift */,
			);
<<<<<<< HEAD:JONGMIN/BaekJoon/BaekJoon.xcodeproj/project.pbxproj
			path = "01_basic arithmetic";
			sourceTree = "<group>";
		};
		6C65C28D27B773A00013A88D /* 02_if */ = {
=======
			path = Q10926;
			sourceTree = "<group>";
		};
		93E0A5CC27BA894700379D35 /* Q18108 */ = {
>>>>>>> master:WALTER/B1_InputOutput/B1_InputOutput/B1_InputOutput.xcodeproj/project.pbxproj
			isa = PBXGroup;
			children = (
				93E0A5CD27BA894700379D35 /* main.swift */,
			);
<<<<<<< HEAD:JONGMIN/BaekJoon/BaekJoon.xcodeproj/project.pbxproj
			path = 02_if;
			sourceTree = "<group>";
		};
		6CBC1C4627BBC3730063B997 /* 03_for */ = {
			isa = PBXGroup;
			children = (
				6CBC1C4727BBC3730063B997 /* main.swift */,
			);
			path = 03_for;
			sourceTree = "<group>";
		};
		6CBC1C5127BBC3800063B997 /* 04_while */ = {
			isa = PBXGroup;
			children = (
				6CBC1C5227BBC3800063B997 /* _main.swift */,
			);
			path = 04_while;
=======
			path = Q18108;
>>>>>>> master:WALTER/B1_InputOutput/B1_InputOutput/B1_InputOutput.xcodeproj/project.pbxproj
			sourceTree = "<group>";
		};
/* End PBXGroup section */

/* Begin PBXNativeTarget section */
<<<<<<< HEAD:JONGMIN/BaekJoon/BaekJoon.xcodeproj/project.pbxproj
		6C65C28027B7735C0013A88D /* 01_basic arithmetic */ = {
			isa = PBXNativeTarget;
			buildConfigurationList = 6C65C28527B7735C0013A88D /* Build configuration list for PBXNativeTarget "01_basic arithmetic" */;
=======
		93E0A5BB27BA7F7B00379D35 /* B1_InputOutput */ = {
			isa = PBXNativeTarget;
			buildConfigurationList = 93E0A5C327BA7F7B00379D35 /* Build configuration list for PBXNativeTarget "B1_InputOutput" */;
>>>>>>> master:WALTER/B1_InputOutput/B1_InputOutput/B1_InputOutput.xcodeproj/project.pbxproj
			buildPhases = (
				93E0A5B827BA7F7B00379D35 /* Sources */,
				93E0A5B927BA7F7B00379D35 /* Frameworks */,
				93E0A5BA27BA7F7B00379D35 /* CopyFiles */,
			);
			buildRules = (
			);
			dependencies = (
			);
<<<<<<< HEAD:JONGMIN/BaekJoon/BaekJoon.xcodeproj/project.pbxproj
			name = "01_basic arithmetic";
			productName = "1~10";
			productReference = 6C65C28127B7735C0013A88D /* 01_basic arithmetic */;
			productType = "com.apple.product-type.tool";
		};
		6C65C28B27B773A00013A88D /* 02_if */ = {
			isa = PBXNativeTarget;
			buildConfigurationList = 6C65C29027B773A00013A88D /* Build configuration list for PBXNativeTarget "02_if" */;
=======
			name = B1_InputOutput;
			productName = B1_InputOutput;
			productReference = 93E0A5BC27BA7F7B00379D35 /* B1_InputOutput */;
			productType = "com.apple.product-type.tool";
		};
		93E0A5CA27BA894700379D35 /* Q18108 */ = {
			isa = PBXNativeTarget;
			buildConfigurationList = 93E0A5CF27BA894700379D35 /* Build configuration list for PBXNativeTarget "Q18108" */;
>>>>>>> master:WALTER/B1_InputOutput/B1_InputOutput/B1_InputOutput.xcodeproj/project.pbxproj
			buildPhases = (
				93E0A5C727BA894700379D35 /* Sources */,
				93E0A5C827BA894700379D35 /* Frameworks */,
				93E0A5C927BA894700379D35 /* CopyFiles */,
			);
			buildRules = (
			);
			dependencies = (
			);
<<<<<<< HEAD:JONGMIN/BaekJoon/BaekJoon.xcodeproj/project.pbxproj
			name = 02_if;
			productName = "11~20";
			productReference = 6C65C28C27B773A00013A88D /* 02_if */;
			productType = "com.apple.product-type.tool";
		};
		6CBC1C4427BBC3730063B997 /* 03_for */ = {
			isa = PBXNativeTarget;
			buildConfigurationList = 6CBC1C4927BBC3730063B997 /* Build configuration list for PBXNativeTarget "03_for" */;
			buildPhases = (
				6CBC1C4127BBC3730063B997 /* Sources */,
				6CBC1C4227BBC3730063B997 /* Frameworks */,
				6CBC1C4327BBC3730063B997 /* CopyFiles */,
			);
			buildRules = (
			);
			dependencies = (
			);
			name = 03_for;
			productName = 03_for;
			productReference = 6CBC1C4527BBC3730063B997 /* 03_for */;
			productType = "com.apple.product-type.tool";
		};
		6CBC1C4F27BBC3800063B997 /* 04_while */ = {
			isa = PBXNativeTarget;
			buildConfigurationList = 6CBC1C5427BBC3800063B997 /* Build configuration list for PBXNativeTarget "04_while" */;
			buildPhases = (
				6CBC1C4C27BBC3800063B997 /* Sources */,
				6CBC1C4D27BBC3800063B997 /* Frameworks */,
				6CBC1C4E27BBC3800063B997 /* CopyFiles */,
			);
			buildRules = (
			);
			dependencies = (
			);
			name = 04_while;
			productName = 04_while;
			productReference = 6CBC1C5027BBC3800063B997 /* 04_while */;
=======
			name = Q18108;
			productName = Q18108;
			productReference = 93E0A5CB27BA894700379D35 /* Q18108 */;
>>>>>>> master:WALTER/B1_InputOutput/B1_InputOutput/B1_InputOutput.xcodeproj/project.pbxproj
			productType = "com.apple.product-type.tool";
		};
/* End PBXNativeTarget section */

/* Begin PBXProject section */
		93E0A5B427BA7F7B00379D35 /* Project object */ = {
			isa = PBXProject;
			attributes = {
				BuildIndependentTargetsInParallel = 1;
				LastSwiftUpdateCheck = 1320;
				LastUpgradeCheck = 1320;
				TargetAttributes = {
					93E0A5BB27BA7F7B00379D35 = {
						CreatedOnToolsVersion = 13.2.1;
					};
					93E0A5CA27BA894700379D35 = {
						CreatedOnToolsVersion = 13.2.1;
					};
					6CBC1C4427BBC3730063B997 = {
						CreatedOnToolsVersion = 13.2.1;
					};
					6CBC1C4F27BBC3800063B997 = {
						CreatedOnToolsVersion = 13.2.1;
					};
				};
			};
			buildConfigurationList = 93E0A5B727BA7F7B00379D35 /* Build configuration list for PBXProject "B1_InputOutput" */;
			compatibilityVersion = "Xcode 13.0";
			developmentRegion = en;
			hasScannedForEncodings = 0;
			knownRegions = (
				en,
				Base,
			);
			mainGroup = 93E0A5B327BA7F7B00379D35;
			productRefGroup = 93E0A5BD27BA7F7B00379D35 /* Products */;
			projectDirPath = "";
			projectRoot = "";
			targets = (
<<<<<<< HEAD:JONGMIN/BaekJoon/BaekJoon.xcodeproj/project.pbxproj
				6C65C28027B7735C0013A88D /* 01_basic arithmetic */,
				6C65C28B27B773A00013A88D /* 02_if */,
				6CBC1C4427BBC3730063B997 /* 03_for */,
				6CBC1C4F27BBC3800063B997 /* 04_while */,
=======
				93E0A5BB27BA7F7B00379D35 /* B1_InputOutput */,
				93E0A5CA27BA894700379D35 /* Q18108 */,
>>>>>>> master:WALTER/B1_InputOutput/B1_InputOutput/B1_InputOutput.xcodeproj/project.pbxproj
			);
		};
/* End PBXProject section */

/* Begin PBXSourcesBuildPhase section */
		93E0A5B827BA7F7B00379D35 /* Sources */ = {
			isa = PBXSourcesBuildPhase;
			buildActionMask = 2147483647;
			files = (
				93E0A5C027BA7F7B00379D35 /* main.swift in Sources */,
			);
			runOnlyForDeploymentPostprocessing = 0;
		};
		93E0A5C727BA894700379D35 /* Sources */ = {
			isa = PBXSourcesBuildPhase;
			buildActionMask = 2147483647;
			files = (
				93E0A5CE27BA894700379D35 /* main.swift in Sources */,
			);
			runOnlyForDeploymentPostprocessing = 0;
		};
		6CBC1C4127BBC3730063B997 /* Sources */ = {
			isa = PBXSourcesBuildPhase;
			buildActionMask = 2147483647;
			files = (
				6CBC1C4827BBC3730063B997 /* main.swift in Sources */,
			);
			runOnlyForDeploymentPostprocessing = 0;
		};
		6CBC1C4C27BBC3800063B997 /* Sources */ = {
			isa = PBXSourcesBuildPhase;
			buildActionMask = 2147483647;
			files = (
				6CBC1C5327BBC3800063B997 /* _main.swift in Sources */,
			);
			runOnlyForDeploymentPostprocessing = 0;
		};
/* End PBXSourcesBuildPhase section */

/* Begin XCBuildConfiguration section */
		93E0A5C127BA7F7B00379D35 /* Debug */ = {
			isa = XCBuildConfiguration;
			buildSettings = {
				ALWAYS_SEARCH_USER_PATHS = NO;
				CLANG_ANALYZER_NONNULL = YES;
				CLANG_ANALYZER_NUMBER_OBJECT_CONVERSION = YES_AGGRESSIVE;
				CLANG_CXX_LANGUAGE_STANDARD = "gnu++17";
				CLANG_CXX_LIBRARY = "libc++";
				CLANG_ENABLE_MODULES = YES;
				CLANG_ENABLE_OBJC_ARC = YES;
				CLANG_ENABLE_OBJC_WEAK = YES;
				CLANG_WARN_BLOCK_CAPTURE_AUTORELEASING = YES;
				CLANG_WARN_BOOL_CONVERSION = YES;
				CLANG_WARN_COMMA = YES;
				CLANG_WARN_CONSTANT_CONVERSION = YES;
				CLANG_WARN_DEPRECATED_OBJC_IMPLEMENTATIONS = YES;
				CLANG_WARN_DIRECT_OBJC_ISA_USAGE = YES_ERROR;
				CLANG_WARN_DOCUMENTATION_COMMENTS = YES;
				CLANG_WARN_EMPTY_BODY = YES;
				CLANG_WARN_ENUM_CONVERSION = YES;
				CLANG_WARN_INFINITE_RECURSION = YES;
				CLANG_WARN_INT_CONVERSION = YES;
				CLANG_WARN_NON_LITERAL_NULL_CONVERSION = YES;
				CLANG_WARN_OBJC_IMPLICIT_RETAIN_SELF = YES;
				CLANG_WARN_OBJC_LITERAL_CONVERSION = YES;
				CLANG_WARN_OBJC_ROOT_CLASS = YES_ERROR;
				CLANG_WARN_QUOTED_INCLUDE_IN_FRAMEWORK_HEADER = YES;
				CLANG_WARN_RANGE_LOOP_ANALYSIS = YES;
				CLANG_WARN_STRICT_PROTOTYPES = YES;
				CLANG_WARN_SUSPICIOUS_MOVE = YES;
				CLANG_WARN_UNGUARDED_AVAILABILITY = YES_AGGRESSIVE;
				CLANG_WARN_UNREACHABLE_CODE = YES;
				CLANG_WARN__DUPLICATE_METHOD_MATCH = YES;
				COPY_PHASE_STRIP = NO;
				DEBUG_INFORMATION_FORMAT = dwarf;
				ENABLE_STRICT_OBJC_MSGSEND = YES;
				ENABLE_TESTABILITY = YES;
				GCC_C_LANGUAGE_STANDARD = gnu11;
				GCC_DYNAMIC_NO_PIC = NO;
				GCC_NO_COMMON_BLOCKS = YES;
				GCC_OPTIMIZATION_LEVEL = 0;
				GCC_PREPROCESSOR_DEFINITIONS = (
					"DEBUG=1",
					"$(inherited)",
				);
				GCC_WARN_64_TO_32_BIT_CONVERSION = YES;
				GCC_WARN_ABOUT_RETURN_TYPE = YES_ERROR;
				GCC_WARN_UNDECLARED_SELECTOR = YES;
				GCC_WARN_UNINITIALIZED_AUTOS = YES_AGGRESSIVE;
				GCC_WARN_UNUSED_FUNCTION = YES;
				GCC_WARN_UNUSED_VARIABLE = YES;
				MACOSX_DEPLOYMENT_TARGET = 12.1;
				MTL_ENABLE_DEBUG_INFO = INCLUDE_SOURCE;
				MTL_FAST_MATH = YES;
				ONLY_ACTIVE_ARCH = YES;
				SDKROOT = macosx;
				SWIFT_ACTIVE_COMPILATION_CONDITIONS = DEBUG;
				SWIFT_OPTIMIZATION_LEVEL = "-Onone";
			};
			name = Debug;
		};
		93E0A5C227BA7F7B00379D35 /* Release */ = {
			isa = XCBuildConfiguration;
			buildSettings = {
				ALWAYS_SEARCH_USER_PATHS = NO;
				CLANG_ANALYZER_NONNULL = YES;
				CLANG_ANALYZER_NUMBER_OBJECT_CONVERSION = YES_AGGRESSIVE;
				CLANG_CXX_LANGUAGE_STANDARD = "gnu++17";
				CLANG_CXX_LIBRARY = "libc++";
				CLANG_ENABLE_MODULES = YES;
				CLANG_ENABLE_OBJC_ARC = YES;
				CLANG_ENABLE_OBJC_WEAK = YES;
				CLANG_WARN_BLOCK_CAPTURE_AUTORELEASING = YES;
				CLANG_WARN_BOOL_CONVERSION = YES;
				CLANG_WARN_COMMA = YES;
				CLANG_WARN_CONSTANT_CONVERSION = YES;
				CLANG_WARN_DEPRECATED_OBJC_IMPLEMENTATIONS = YES;
				CLANG_WARN_DIRECT_OBJC_ISA_USAGE = YES_ERROR;
				CLANG_WARN_DOCUMENTATION_COMMENTS = YES;
				CLANG_WARN_EMPTY_BODY = YES;
				CLANG_WARN_ENUM_CONVERSION = YES;
				CLANG_WARN_INFINITE_RECURSION = YES;
				CLANG_WARN_INT_CONVERSION = YES;
				CLANG_WARN_NON_LITERAL_NULL_CONVERSION = YES;
				CLANG_WARN_OBJC_IMPLICIT_RETAIN_SELF = YES;
				CLANG_WARN_OBJC_LITERAL_CONVERSION = YES;
				CLANG_WARN_OBJC_ROOT_CLASS = YES_ERROR;
				CLANG_WARN_QUOTED_INCLUDE_IN_FRAMEWORK_HEADER = YES;
				CLANG_WARN_RANGE_LOOP_ANALYSIS = YES;
				CLANG_WARN_STRICT_PROTOTYPES = YES;
				CLANG_WARN_SUSPICIOUS_MOVE = YES;
				CLANG_WARN_UNGUARDED_AVAILABILITY = YES_AGGRESSIVE;
				CLANG_WARN_UNREACHABLE_CODE = YES;
				CLANG_WARN__DUPLICATE_METHOD_MATCH = YES;
				COPY_PHASE_STRIP = NO;
				DEBUG_INFORMATION_FORMAT = "dwarf-with-dsym";
				ENABLE_NS_ASSERTIONS = NO;
				ENABLE_STRICT_OBJC_MSGSEND = YES;
				GCC_C_LANGUAGE_STANDARD = gnu11;
				GCC_NO_COMMON_BLOCKS = YES;
				GCC_WARN_64_TO_32_BIT_CONVERSION = YES;
				GCC_WARN_ABOUT_RETURN_TYPE = YES_ERROR;
				GCC_WARN_UNDECLARED_SELECTOR = YES;
				GCC_WARN_UNINITIALIZED_AUTOS = YES_AGGRESSIVE;
				GCC_WARN_UNUSED_FUNCTION = YES;
				GCC_WARN_UNUSED_VARIABLE = YES;
				MACOSX_DEPLOYMENT_TARGET = 12.1;
				MTL_ENABLE_DEBUG_INFO = NO;
				MTL_FAST_MATH = YES;
				SDKROOT = macosx;
				SWIFT_COMPILATION_MODE = wholemodule;
				SWIFT_OPTIMIZATION_LEVEL = "-O";
			};
			name = Release;
		};
		93E0A5C427BA7F7B00379D35 /* Debug */ = {
			isa = XCBuildConfiguration;
			buildSettings = {
				CODE_SIGN_STYLE = Automatic;
				DEVELOPMENT_TEAM = 5S4XBZ2ACZ;
				ENABLE_HARDENED_RUNTIME = YES;
				PRODUCT_NAME = "$(TARGET_NAME)";
				SWIFT_VERSION = 5.0;
			};
			name = Debug;
		};
		93E0A5C527BA7F7B00379D35 /* Release */ = {
			isa = XCBuildConfiguration;
			buildSettings = {
				CODE_SIGN_STYLE = Automatic;
				DEVELOPMENT_TEAM = 5S4XBZ2ACZ;
				ENABLE_HARDENED_RUNTIME = YES;
				PRODUCT_NAME = "$(TARGET_NAME)";
				SWIFT_VERSION = 5.0;
			};
			name = Release;
		};
		93E0A5D027BA894700379D35 /* Debug */ = {
			isa = XCBuildConfiguration;
			buildSettings = {
				CODE_SIGN_STYLE = Automatic;
				DEVELOPMENT_TEAM = 5S4XBZ2ACZ;
				ENABLE_HARDENED_RUNTIME = YES;
				PRODUCT_NAME = "$(TARGET_NAME)";
				SWIFT_VERSION = 5.0;
			};
			name = Debug;
		};
		93E0A5D127BA894700379D35 /* Release */ = {
			isa = XCBuildConfiguration;
			buildSettings = {
				CODE_SIGN_STYLE = Automatic;
				DEVELOPMENT_TEAM = 5S4XBZ2ACZ;
				ENABLE_HARDENED_RUNTIME = YES;
				PRODUCT_NAME = "$(TARGET_NAME)";
				SWIFT_VERSION = 5.0;
			};
			name = Release;
		};
		6CBC1C4A27BBC3730063B997 /* Debug */ = {
			isa = XCBuildConfiguration;
			buildSettings = {
				CODE_SIGN_STYLE = Automatic;
				PRODUCT_NAME = "$(TARGET_NAME)";
				SWIFT_VERSION = 5.0;
			};
			name = Debug;
		};
		6CBC1C4B27BBC3730063B997 /* Release */ = {
			isa = XCBuildConfiguration;
			buildSettings = {
				CODE_SIGN_STYLE = Automatic;
				PRODUCT_NAME = "$(TARGET_NAME)";
				SWIFT_VERSION = 5.0;
			};
			name = Release;
		};
		6CBC1C5527BBC3800063B997 /* Debug */ = {
			isa = XCBuildConfiguration;
			buildSettings = {
				CODE_SIGN_STYLE = Automatic;
				PRODUCT_NAME = "$(TARGET_NAME)";
				SWIFT_VERSION = 5.0;
			};
			name = Debug;
		};
		6CBC1C5627BBC3800063B997 /* Release */ = {
			isa = XCBuildConfiguration;
			buildSettings = {
				CODE_SIGN_STYLE = Automatic;
				PRODUCT_NAME = "$(TARGET_NAME)";
				SWIFT_VERSION = 5.0;
			};
			name = Release;
		};
/* End XCBuildConfiguration section */

/* Begin XCConfigurationList section */
		93E0A5B727BA7F7B00379D35 /* Build configuration list for PBXProject "B1_InputOutput" */ = {
			isa = XCConfigurationList;
			buildConfigurations = (
				93E0A5C127BA7F7B00379D35 /* Debug */,
				93E0A5C227BA7F7B00379D35 /* Release */,
			);
			defaultConfigurationIsVisible = 0;
			defaultConfigurationName = Release;
		};
<<<<<<< HEAD:JONGMIN/BaekJoon/BaekJoon.xcodeproj/project.pbxproj
		6C65C28527B7735C0013A88D /* Build configuration list for PBXNativeTarget "01_basic arithmetic" */ = {
=======
		93E0A5C327BA7F7B00379D35 /* Build configuration list for PBXNativeTarget "B1_InputOutput" */ = {
>>>>>>> master:WALTER/B1_InputOutput/B1_InputOutput/B1_InputOutput.xcodeproj/project.pbxproj
			isa = XCConfigurationList;
			buildConfigurations = (
				93E0A5C427BA7F7B00379D35 /* Debug */,
				93E0A5C527BA7F7B00379D35 /* Release */,
			);
			defaultConfigurationIsVisible = 0;
			defaultConfigurationName = Release;
		};
<<<<<<< HEAD:JONGMIN/BaekJoon/BaekJoon.xcodeproj/project.pbxproj
		6C65C29027B773A00013A88D /* Build configuration list for PBXNativeTarget "02_if" */ = {
=======
		93E0A5CF27BA894700379D35 /* Build configuration list for PBXNativeTarget "Q18108" */ = {
>>>>>>> master:WALTER/B1_InputOutput/B1_InputOutput/B1_InputOutput.xcodeproj/project.pbxproj
			isa = XCConfigurationList;
			buildConfigurations = (
				93E0A5D027BA894700379D35 /* Debug */,
				93E0A5D127BA894700379D35 /* Release */,
			);
			defaultConfigurationIsVisible = 0;
			defaultConfigurationName = Release;
		};
		6CBC1C4927BBC3730063B997 /* Build configuration list for PBXNativeTarget "03_for" */ = {
			isa = XCConfigurationList;
			buildConfigurations = (
				6CBC1C4A27BBC3730063B997 /* Debug */,
				6CBC1C4B27BBC3730063B997 /* Release */,
			);
			defaultConfigurationIsVisible = 0;
			defaultConfigurationName = Release;
		};
		6CBC1C5427BBC3800063B997 /* Build configuration list for PBXNativeTarget "04_while" */ = {
			isa = XCConfigurationList;
			buildConfigurations = (
				6CBC1C5527BBC3800063B997 /* Debug */,
				6CBC1C5627BBC3800063B997 /* Release */,
			);
			defaultConfigurationIsVisible = 0;
			defaultConfigurationName = Release;
		};
/* End XCConfigurationList section */
	};
	rootObject = 93E0A5B427BA7F7B00379D35 /* Project object */;
}
